
Microsoft Visual Studio Solution File, Format Version 12.00
# Visual Studio 14
VisualStudioVersion = 14.0.25123.0
MinimumVisualStudioVersion = 10.0.40219.1
Project("{FAE04EC0-301F-11D3-BF4B-00C04F79EFBC}") = "Tic_Trac.Droid", "Tic-Trac\Tic_Trac.Droid\Tic_Trac.Droid.csproj", "{872E8646-C6A8-404C-9B1B-B68456D64DDE}"
EndProject
Project("{FAE04EC0-301F-11D3-BF4B-00C04F79EFBC}") = "Tic_Trac.iOS", "Tic-Trac\Tic_Trac.iOS\Tic_Trac.iOS.csproj", "{B9AE1E48-4914-4914-9A70-B92A9DEFB894}"
EndProject
Project("{FAE04EC0-301F-11D3-BF4B-00C04F79EFBC}") = "Tic_Trac.UWP", "Tic-Trac\Tic_Trac.UWP\Tic_Trac.UWP.csproj", "{AB04603D-D74C-483A-9318-47046990E42C}"
EndProject
Project("{FAE04EC0-301F-11D3-BF4B-00C04F79EFBC}") = "Tic_Trac", "Tic-Trac\Tic_Trac\Tic_Trac.csproj", "{41B3B24D-BBD9-4C21-86DE-54479A7E786A}"
EndProject
Global
	GlobalSection(SolutionConfigurationPlatforms) = preSolution
		Ad-Hoc|Any CPU = Ad-Hoc|Any CPU
		Ad-Hoc|ARM = Ad-Hoc|ARM
		Ad-Hoc|iPhone = Ad-Hoc|iPhone
		Ad-Hoc|iPhoneSimulator = Ad-Hoc|iPhoneSimulator
		Ad-Hoc|x64 = Ad-Hoc|x64
		Ad-Hoc|x86 = Ad-Hoc|x86
		AppStore|Any CPU = AppStore|Any CPU
		AppStore|ARM = AppStore|ARM
		AppStore|iPhone = AppStore|iPhone
		AppStore|iPhoneSimulator = AppStore|iPhoneSimulator
		AppStore|x64 = AppStore|x64
		AppStore|x86 = AppStore|x86
		Debug|Any CPU = Debug|Any CPU
		Debug|ARM = Debug|ARM
		Debug|iPhone = Debug|iPhone
		Debug|iPhoneSimulator = Debug|iPhoneSimulator
		Debug|x64 = Debug|x64
		Debug|x86 = Debug|x86
		Release|Any CPU = Release|Any CPU
		Release|ARM = Release|ARM
		Release|iPhone = Release|iPhone
		Release|iPhoneSimulator = Release|iPhoneSimulator
		Release|x64 = Release|x64
		Release|x86 = Release|x86
	EndGlobalSection
	GlobalSection(ProjectConfigurationPlatforms) = postSolution
		{872E8646-C6A8-404C-9B1B-B68456D64DDE}.Ad-Hoc|Any CPU.ActiveCfg = Release|Any CPU
		{872E8646-C6A8-404C-9B1B-B68456D64DDE}.Ad-Hoc|Any CPU.Build.0 = Release|Any CPU
		{872E8646-C6A8-404C-9B1B-B68456D64DDE}.Ad-Hoc|Any CPU.Deploy.0 = Release|Any CPU
		{872E8646-C6A8-404C-9B1B-B68456D64DDE}.Ad-Hoc|ARM.ActiveCfg = Release|Any CPU
		{872E8646-C6A8-404C-9B1B-B68456D64DDE}.Ad-Hoc|ARM.Build.0 = Release|Any CPU
		{872E8646-C6A8-404C-9B1B-B68456D64DDE}.Ad-Hoc|ARM.Deploy.0 = Release|Any CPU
		{872E8646-C6A8-404C-9B1B-B68456D64DDE}.Ad-Hoc|iPhone.ActiveCfg = Release|Any CPU
		{872E8646-C6A8-404C-9B1B-B68456D64DDE}.Ad-Hoc|iPhone.Build.0 = Release|Any CPU
		{872E8646-C6A8-404C-9B1B-B68456D64DDE}.Ad-Hoc|iPhone.Deploy.0 = Release|Any CPU
		{872E8646-C6A8-404C-9B1B-B68456D64DDE}.Ad-Hoc|iPhoneSimulator.ActiveCfg = Release|Any CPU
		{872E8646-C6A8-404C-9B1B-B68456D64DDE}.Ad-Hoc|iPhoneSimulator.Build.0 = Release|Any CPU
		{872E8646-C6A8-404C-9B1B-B68456D64DDE}.Ad-Hoc|iPhoneSimulator.Deploy.0 = Release|Any CPU
		{872E8646-C6A8-404C-9B1B-B68456D64DDE}.Ad-Hoc|x64.ActiveCfg = Release|Any CPU
		{872E8646-C6A8-404C-9B1B-B68456D64DDE}.Ad-Hoc|x64.Build.0 = Release|Any CPU
		{872E8646-C6A8-404C-9B1B-B68456D64DDE}.Ad-Hoc|x64.Deploy.0 = Release|Any CPU
		{872E8646-C6A8-404C-9B1B-B68456D64DDE}.Ad-Hoc|x86.ActiveCfg = Release|Any CPU
		{872E8646-C6A8-404C-9B1B-B68456D64DDE}.Ad-Hoc|x86.Build.0 = Release|Any CPU
		{872E8646-C6A8-404C-9B1B-B68456D64DDE}.Ad-Hoc|x86.Deploy.0 = Release|Any CPU
		{872E8646-C6A8-404C-9B1B-B68456D64DDE}.AppStore|Any CPU.ActiveCfg = Release|Any CPU
		{872E8646-C6A8-404C-9B1B-B68456D64DDE}.AppStore|Any CPU.Build.0 = Release|Any CPU
		{872E8646-C6A8-404C-9B1B-B68456D64DDE}.AppStore|Any CPU.Deploy.0 = Release|Any CPU
		{872E8646-C6A8-404C-9B1B-B68456D64DDE}.AppStore|ARM.ActiveCfg = Release|Any CPU
		{872E8646-C6A8-404C-9B1B-B68456D64DDE}.AppStore|ARM.Build.0 = Release|Any CPU
		{872E8646-C6A8-404C-9B1B-B68456D64DDE}.AppStore|ARM.Deploy.0 = Release|Any CPU
		{872E8646-C6A8-404C-9B1B-B68456D64DDE}.AppStore|iPhone.ActiveCfg = Release|Any CPU
		{872E8646-C6A8-404C-9B1B-B68456D64DDE}.AppStore|iPhone.Build.0 = Release|Any CPU
		{872E8646-C6A8-404C-9B1B-B68456D64DDE}.AppStore|iPhone.Deploy.0 = Release|Any CPU
		{872E8646-C6A8-404C-9B1B-B68456D64DDE}.AppStore|iPhoneSimulator.ActiveCfg = Release|Any CPU
		{872E8646-C6A8-404C-9B1B-B68456D64DDE}.AppStore|iPhoneSimulator.Build.0 = Release|Any CPU
		{872E8646-C6A8-404C-9B1B-B68456D64DDE}.AppStore|iPhoneSimulator.Deploy.0 = Release|Any CPU
		{872E8646-C6A8-404C-9B1B-B68456D64DDE}.AppStore|x64.ActiveCfg = Release|Any CPU
		{872E8646-C6A8-404C-9B1B-B68456D64DDE}.AppStore|x64.Build.0 = Release|Any CPU
		{872E8646-C6A8-404C-9B1B-B68456D64DDE}.AppStore|x64.Deploy.0 = Release|Any CPU
		{872E8646-C6A8-404C-9B1B-B68456D64DDE}.AppStore|x86.ActiveCfg = Release|Any CPU
		{872E8646-C6A8-404C-9B1B-B68456D64DDE}.AppStore|x86.Build.0 = Release|Any CPU
		{872E8646-C6A8-404C-9B1B-B68456D64DDE}.AppStore|x86.Deploy.0 = Release|Any CPU
		{872E8646-C6A8-404C-9B1B-B68456D64DDE}.Debug|Any CPU.ActiveCfg = Debug|Any CPU
		{872E8646-C6A8-404C-9B1B-B68456D64DDE}.Debug|Any CPU.Build.0 = Debug|Any CPU
		{872E8646-C6A8-404C-9B1B-B68456D64DDE}.Debug|Any CPU.Deploy.0 = Debug|Any CPU
		{872E8646-C6A8-404C-9B1B-B68456D64DDE}.Debug|ARM.ActiveCfg = Debug|Any CPU
		{872E8646-C6A8-404C-9B1B-B68456D64DDE}.Debug|ARM.Build.0 = Debug|Any CPU
		{872E8646-C6A8-404C-9B1B-B68456D64DDE}.Debug|ARM.Deploy.0 = Debug|Any CPU
		{872E8646-C6A8-404C-9B1B-B68456D64DDE}.Debug|iPhone.ActiveCfg = Debug|Any CPU
		{872E8646-C6A8-404C-9B1B-B68456D64DDE}.Debug|iPhone.Build.0 = Debug|Any CPU
		{872E8646-C6A8-404C-9B1B-B68456D64DDE}.Debug|iPhone.Deploy.0 = Debug|Any CPU
		{872E8646-C6A8-404C-9B1B-B68456D64DDE}.Debug|iPhoneSimulator.ActiveCfg = Debug|Any CPU
		{872E8646-C6A8-404C-9B1B-B68456D64DDE}.Debug|iPhoneSimulator.Build.0 = Debug|Any CPU
		{872E8646-C6A8-404C-9B1B-B68456D64DDE}.Debug|iPhoneSimulator.Deploy.0 = Debug|Any CPU
		{872E8646-C6A8-404C-9B1B-B68456D64DDE}.Debug|x64.ActiveCfg = Debug|Any CPU
		{872E8646-C6A8-404C-9B1B-B68456D64DDE}.Debug|x64.Build.0 = Debug|Any CPU
		{872E8646-C6A8-404C-9B1B-B68456D64DDE}.Debug|x64.Deploy.0 = Debug|Any CPU
		{872E8646-C6A8-404C-9B1B-B68456D64DDE}.Debug|x86.ActiveCfg = Debug|Any CPU
		{872E8646-C6A8-404C-9B1B-B68456D64DDE}.Debug|x86.Build.0 = Debug|Any CPU
		{872E8646-C6A8-404C-9B1B-B68456D64DDE}.Debug|x86.Deploy.0 = Debug|Any CPU
		{872E8646-C6A8-404C-9B1B-B68456D64DDE}.Release|Any CPU.ActiveCfg = Release|Any CPU
		{872E8646-C6A8-404C-9B1B-B68456D64DDE}.Release|Any CPU.Build.0 = Release|Any CPU
		{872E8646-C6A8-404C-9B1B-B68456D64DDE}.Release|Any CPU.Deploy.0 = Release|Any CPU
		{872E8646-C6A8-404C-9B1B-B68456D64DDE}.Release|ARM.ActiveCfg = Release|Any CPU
		{872E8646-C6A8-404C-9B1B-B68456D64DDE}.Release|ARM.Build.0 = Release|Any CPU
		{872E8646-C6A8-404C-9B1B-B68456D64DDE}.Release|ARM.Deploy.0 = Release|Any CPU
		{872E8646-C6A8-404C-9B1B-B68456D64DDE}.Release|iPhone.ActiveCfg = Release|Any CPU
		{872E8646-C6A8-404C-9B1B-B68456D64DDE}.Release|iPhone.Build.0 = Release|Any CPU
		{872E8646-C6A8-404C-9B1B-B68456D64DDE}.Release|iPhone.Deploy.0 = Release|Any CPU
		{872E8646-C6A8-404C-9B1B-B68456D64DDE}.Release|iPhoneSimulator.ActiveCfg = Release|Any CPU
		{872E8646-C6A8-404C-9B1B-B68456D64DDE}.Release|iPhoneSimulator.Build.0 = Release|Any CPU
		{872E8646-C6A8-404C-9B1B-B68456D64DDE}.Release|iPhoneSimulator.Deploy.0 = Release|Any CPU
		{872E8646-C6A8-404C-9B1B-B68456D64DDE}.Release|x64.ActiveCfg = Release|Any CPU
		{872E8646-C6A8-404C-9B1B-B68456D64DDE}.Release|x64.Build.0 = Release|Any CPU
		{872E8646-C6A8-404C-9B1B-B68456D64DDE}.Release|x64.Deploy.0 = Release|Any CPU
		{872E8646-C6A8-404C-9B1B-B68456D64DDE}.Release|x86.ActiveCfg = Release|Any CPU
		{872E8646-C6A8-404C-9B1B-B68456D64DDE}.Release|x86.Build.0 = Release|Any CPU
		{872E8646-C6A8-404C-9B1B-B68456D64DDE}.Release|x86.Deploy.0 = Release|Any CPU
		{B9AE1E48-4914-4914-9A70-B92A9DEFB894}.Ad-Hoc|Any CPU.ActiveCfg = Ad-Hoc|iPhone
		{B9AE1E48-4914-4914-9A70-B92A9DEFB894}.Ad-Hoc|ARM.ActiveCfg = Ad-Hoc|iPhone
		{B9AE1E48-4914-4914-9A70-B92A9DEFB894}.Ad-Hoc|iPhone.ActiveCfg = Ad-Hoc|iPhone
		{B9AE1E48-4914-4914-9A70-B92A9DEFB894}.Ad-Hoc|iPhone.Build.0 = Ad-Hoc|iPhone
		{B9AE1E48-4914-4914-9A70-B92A9DEFB894}.Ad-Hoc|iPhoneSimulator.ActiveCfg = Ad-Hoc|iPhoneSimulator
		{B9AE1E48-4914-4914-9A70-B92A9DEFB894}.Ad-Hoc|iPhoneSimulator.Build.0 = Ad-Hoc|iPhoneSimulator
		{B9AE1E48-4914-4914-9A70-B92A9DEFB894}.Ad-Hoc|x64.ActiveCfg = Ad-Hoc|iPhone
		{B9AE1E48-4914-4914-9A70-B92A9DEFB894}.Ad-Hoc|x86.ActiveCfg = Ad-Hoc|iPhone
		{B9AE1E48-4914-4914-9A70-B92A9DEFB894}.AppStore|Any CPU.ActiveCfg = AppStore|iPhone
		{B9AE1E48-4914-4914-9A70-B92A9DEFB894}.AppStore|ARM.ActiveCfg = AppStore|iPhone
		{B9AE1E48-4914-4914-9A70-B92A9DEFB894}.AppStore|iPhone.ActiveCfg = AppStore|iPhone
		{B9AE1E48-4914-4914-9A70-B92A9DEFB894}.AppStore|iPhone.Build.0 = AppStore|iPhone
		{B9AE1E48-4914-4914-9A70-B92A9DEFB894}.AppStore|iPhoneSimulator.ActiveCfg = AppStore|iPhoneSimulator
		{B9AE1E48-4914-4914-9A70-B92A9DEFB894}.AppStore|iPhoneSimulator.Build.0 = AppStore|iPhoneSimulator
		{B9AE1E48-4914-4914-9A70-B92A9DEFB894}.AppStore|x64.ActiveCfg = AppStore|iPhone
		{B9AE1E48-4914-4914-9A70-B92A9DEFB894}.AppStore|x86.ActiveCfg = AppStore|iPhone
		{B9AE1E48-4914-4914-9A70-B92A9DEFB894}.Debug|Any CPU.ActiveCfg = Debug|iPhone
		{B9AE1E48-4914-4914-9A70-B92A9DEFB894}.Debug|ARM.ActiveCfg = Debug|iPhone
		{B9AE1E48-4914-4914-9A70-B92A9DEFB894}.Debug|iPhone.ActiveCfg = Debug|iPhone
		{B9AE1E48-4914-4914-9A70-B92A9DEFB894}.Debug|iPhone.Build.0 = Debug|iPhone
		{B9AE1E48-4914-4914-9A70-B92A9DEFB894}.Debug|iPhoneSimulator.ActiveCfg = Debug|iPhoneSimulator
		{B9AE1E48-4914-4914-9A70-B92A9DEFB894}.Debug|iPhoneSimulator.Build.0 = Debug|iPhoneSimulator
		{B9AE1E48-4914-4914-9A70-B92A9DEFB894}.Debug|x64.ActiveCfg = Debug|iPhone
		{B9AE1E48-4914-4914-9A70-B92A9DEFB894}.Debug|x86.ActiveCfg = Debug|iPhone
		{B9AE1E48-4914-4914-9A70-B92A9DEFB894}.Release|Any CPU.ActiveCfg = Release|iPhone
		{B9AE1E48-4914-4914-9A70-B92A9DEFB894}.Release|ARM.ActiveCfg = Release|iPhone
		{B9AE1E48-4914-4914-9A70-B92A9DEFB894}.Release|iPhone.ActiveCfg = Release|iPhone
		{B9AE1E48-4914-4914-9A70-B92A9DEFB894}.Release|iPhone.Build.0 = Release|iPhone
		{B9AE1E48-4914-4914-9A70-B92A9DEFB894}.Release|iPhoneSimulator.ActiveCfg = Release|iPhoneSimulator
		{B9AE1E48-4914-4914-9A70-B92A9DEFB894}.Release|iPhoneSimulator.Build.0 = Release|iPhoneSimulator
		{B9AE1E48-4914-4914-9A70-B92A9DEFB894}.Release|x64.ActiveCfg = Release|iPhone
		{B9AE1E48-4914-4914-9A70-B92A9DEFB894}.Release|x86.ActiveCfg = Release|iPhone
		{AB04603D-D74C-483A-9318-47046990E42C}.Ad-Hoc|Any CPU.ActiveCfg = Release|x86
		{AB04603D-D74C-483A-9318-47046990E42C}.Ad-Hoc|Any CPU.Build.0 = Release|x86
		{AB04603D-D74C-483A-9318-47046990E42C}.Ad-Hoc|Any CPU.Deploy.0 = Release|x86
		{AB04603D-D74C-483A-9318-47046990E42C}.Ad-Hoc|ARM.ActiveCfg = Release|ARM
		{AB04603D-D74C-483A-9318-47046990E42C}.Ad-Hoc|ARM.Build.0 = Release|ARM
		{AB04603D-D74C-483A-9318-47046990E42C}.Ad-Hoc|ARM.Deploy.0 = Release|ARM
		{AB04603D-D74C-483A-9318-47046990E42C}.Ad-Hoc|iPhone.ActiveCfg = Release|x86
		{AB04603D-D74C-483A-9318-47046990E42C}.Ad-Hoc|iPhone.Build.0 = Release|x86
		{AB04603D-D74C-483A-9318-47046990E42C}.Ad-Hoc|iPhone.Deploy.0 = Release|x86
		{AB04603D-D74C-483A-9318-47046990E42C}.Ad-Hoc|iPhoneSimulator.ActiveCfg = Release|x86
		{AB04603D-D74C-483A-9318-47046990E42C}.Ad-Hoc|iPhoneSimulator.Build.0 = Release|x86
		{AB04603D-D74C-483A-9318-47046990E42C}.Ad-Hoc|iPhoneSimulator.Deploy.0 = Release|x86
		{AB04603D-D74C-483A-9318-47046990E42C}.Ad-Hoc|x64.ActiveCfg = Release|x64
		{AB04603D-D74C-483A-9318-47046990E42C}.Ad-Hoc|x64.Build.0 = Release|x64
		{AB04603D-D74C-483A-9318-47046990E42C}.Ad-Hoc|x64.Deploy.0 = Release|x64
		{AB04603D-D74C-483A-9318-47046990E42C}.Ad-Hoc|x86.ActiveCfg = Release|x86
		{AB04603D-D74C-483A-9318-47046990E42C}.Ad-Hoc|x86.Build.0 = Release|x86
		{AB04603D-D74C-483A-9318-47046990E42C}.Ad-Hoc|x86.Deploy.0 = Release|x86
		{AB04603D-D74C-483A-9318-47046990E42C}.AppStore|Any CPU.ActiveCfg = Release|x86
		{AB04603D-D74C-483A-9318-47046990E42C}.AppStore|Any CPU.Build.0 = Release|x86
		{AB04603D-D74C-483A-9318-47046990E42C}.AppStore|Any CPU.Deploy.0 = Release|x86
		{AB04603D-D74C-483A-9318-47046990E42C}.AppStore|ARM.ActiveCfg = Release|ARM
		{AB04603D-D74C-483A-9318-47046990E42C}.AppStore|ARM.Build.0 = Release|ARM
		{AB04603D-D74C-483A-9318-47046990E42C}.AppStore|ARM.Deploy.0 = Release|ARM
		{AB04603D-D74C-483A-9318-47046990E42C}.AppStore|iPhone.ActiveCfg = Release|x86
		{AB04603D-D74C-483A-9318-47046990E42C}.AppStore|iPhone.Build.0 = Release|x86
		{AB04603D-D74C-483A-9318-47046990E42C}.AppStore|iPhone.Deploy.0 = Release|x86
		{AB04603D-D74C-483A-9318-47046990E42C}.AppStore|iPhoneSimulator.ActiveCfg = Release|x86
		{AB04603D-D74C-483A-9318-47046990E42C}.AppStore|iPhoneSimulator.Build.0 = Release|x86
		{AB04603D-D74C-483A-9318-47046990E42C}.AppStore|iPhoneSimulator.Deploy.0 = Release|x86
		{AB04603D-D74C-483A-9318-47046990E42C}.AppStore|x64.ActiveCfg = Release|x64
		{AB04603D-D74C-483A-9318-47046990E42C}.AppStore|x64.Build.0 = Release|x64
		{AB04603D-D74C-483A-9318-47046990E42C}.AppStore|x64.Deploy.0 = Release|x64
		{AB04603D-D74C-483A-9318-47046990E42C}.AppStore|x86.ActiveCfg = Release|x86
		{AB04603D-D74C-483A-9318-47046990E42C}.AppStore|x86.Build.0 = Release|x86
		{AB04603D-D74C-483A-9318-47046990E42C}.AppStore|x86.Deploy.0 = Release|x86
		{AB04603D-D74C-483A-9318-47046990E42C}.Debug|Any CPU.ActiveCfg = Debug|x86
		{AB04603D-D74C-483A-9318-47046990E42C}.Debug|ARM.ActiveCfg = Debug|ARM
		{AB04603D-D74C-483A-9318-47046990E42C}.Debug|ARM.Build.0 = Debug|ARM
		{AB04603D-D74C-483A-9318-47046990E42C}.Debug|ARM.Deploy.0 = Debug|ARM
		{AB04603D-D74C-483A-9318-47046990E42C}.Debug|iPhone.ActiveCfg = Debug|x86
		{AB04603D-D74C-483A-9318-47046990E42C}.Debug|iPhoneSimulator.ActiveCfg = Debug|x86
		{AB04603D-D74C-483A-9318-47046990E42C}.Debug|x64.ActiveCfg = Debug|x64
		{AB04603D-D74C-483A-9318-47046990E42C}.Debug|x64.Build.0 = Debug|x64
		{AB04603D-D74C-483A-9318-47046990E42C}.Debug|x64.Deploy.0 = Debug|x64
		{AB04603D-D74C-483A-9318-47046990E42C}.Debug|x86.ActiveCfg = Debug|x86
		{AB04603D-D74C-483A-9318-47046990E42C}.Debug|x86.Build.0 = Debug|x86
		{AB04603D-D74C-483A-9318-47046990E42C}.Debug|x86.Deploy.0 = Debug|x86
		{AB04603D-D74C-483A-9318-47046990E42C}.Release|Any CPU.ActiveCfg = Release|x86
		{AB04603D-D74C-483A-9318-47046990E42C}.Release|ARM.ActiveCfg = Release|ARM
		{AB04603D-D74C-483A-9318-47046990E42C}.Release|ARM.Build.0 = Release|ARM
		{AB04603D-D74C-483A-9318-47046990E42C}.Release|ARM.Deploy.0 = Release|ARM
		{AB04603D-D74C-483A-9318-47046990E42C}.Release|iPhone.ActiveCfg = Release|x86
		{AB04603D-D74C-483A-9318-47046990E42C}.Release|iPhoneSimulator.ActiveCfg = Release|x86
		{AB04603D-D74C-483A-9318-47046990E42C}.Release|x64.ActiveCfg = Release|x64
		{AB04603D-D74C-483A-9318-47046990E42C}.Release|x64.Build.0 = Release|x64
		{AB04603D-D74C-483A-9318-47046990E42C}.Release|x64.Deploy.0 = Release|x64
		{AB04603D-D74C-483A-9318-47046990E42C}.Release|x86.ActiveCfg = Release|x86
		{AB04603D-D74C-483A-9318-47046990E42C}.Release|x86.Build.0 = Release|x86
		{AB04603D-D74C-483A-9318-47046990E42C}.Release|x86.Deploy.0 = Release|x86
		{41B3B24D-BBD9-4C21-86DE-54479A7E786A}.Ad-Hoc|Any CPU.ActiveCfg = Release|Any CPU
		{41B3B24D-BBD9-4C21-86DE-54479A7E786A}.Ad-Hoc|Any CPU.Build.0 = Release|Any CPU
		{41B3B24D-BBD9-4C21-86DE-54479A7E786A}.Ad-Hoc|ARM.ActiveCfg = Release|Any CPU
		{41B3B24D-BBD9-4C21-86DE-54479A7E786A}.Ad-Hoc|ARM.Build.0 = Release|Any CPU
		{41B3B24D-BBD9-4C21-86DE-54479A7E786A}.Ad-Hoc|iPhone.ActiveCfg = Release|Any CPU
		{41B3B24D-BBD9-4C21-86DE-54479A7E786A}.Ad-Hoc|iPhone.Build.0 = Release|Any CPU
		{41B3B24D-BBD9-4C21-86DE-54479A7E786A}.Ad-Hoc|iPhoneSimulator.ActiveCfg = Release|Any CPU
		{41B3B24D-BBD9-4C21-86DE-54479A7E786A}.Ad-Hoc|iPhoneSimulator.Build.0 = Release|Any CPU
		{41B3B24D-BBD9-4C21-86DE-54479A7E786A}.Ad-Hoc|x64.ActiveCfg = Release|Any CPU
		{41B3B24D-BBD9-4C21-86DE-54479A7E786A}.Ad-Hoc|x64.Build.0 = Release|Any CPU
		{41B3B24D-BBD9-4C21-86DE-54479A7E786A}.Ad-Hoc|x86.ActiveCfg = Release|Any CPU
		{41B3B24D-BBD9-4C21-86DE-54479A7E786A}.Ad-Hoc|x86.Build.0 = Release|Any CPU
		{41B3B24D-BBD9-4C21-86DE-54479A7E786A}.AppStore|Any CPU.ActiveCfg = Release|Any CPU
		{41B3B24D-BBD9-4C21-86DE-54479A7E786A}.AppStore|Any CPU.Build.0 = Release|Any CPU
		{41B3B24D-BBD9-4C21-86DE-54479A7E786A}.AppStore|ARM.ActiveCfg = Release|Any CPU
		{41B3B24D-BBD9-4C21-86DE-54479A7E786A}.AppStore|ARM.Build.0 = Release|Any CPU
		{41B3B24D-BBD9-4C21-86DE-54479A7E786A}.AppStore|iPhone.ActiveCfg = Release|Any CPU
		{41B3B24D-BBD9-4C21-86DE-54479A7E786A}.AppStore|iPhone.Build.0 = Release|Any CPU
		{41B3B24D-BBD9-4C21-86DE-54479A7E786A}.AppStore|iPhoneSimulator.ActiveCfg = Release|Any CPU
		{41B3B24D-BBD9-4C21-86DE-54479A7E786A}.AppStore|iPhoneSimulator.Build.0 = Release|Any CPU
		{41B3B24D-BBD9-4C21-86DE-54479A7E786A}.AppStore|x64.ActiveCfg = Release|Any CPU
		{41B3B24D-BBD9-4C21-86DE-54479A7E786A}.AppStore|x64.Build.0 = Release|Any CPU
		{41B3B24D-BBD9-4C21-86DE-54479A7E786A}.AppStore|x86.ActiveCfg = Release|Any CPU
		{41B3B24D-BBD9-4C21-86DE-54479A7E786A}.AppStore|x86.Build.0 = Release|Any CPU
		{41B3B24D-BBD9-4C21-86DE-54479A7E786A}.Debug|Any CPU.ActiveCfg = Debug|Any CPU
		{41B3B24D-BBD9-4C21-86DE-54479A7E786A}.Debug|Any CPU.Build.0 = Debug|Any CPU
		{41B3B24D-BBD9-4C21-86DE-54479A7E786A}.Debug|ARM.ActiveCfg = Debug|Any CPU
		{41B3B24D-BBD9-4C21-86DE-54479A7E786A}.Debug|ARM.Build.0 = Debug|Any CPU
		{41B3B24D-BBD9-4C21-86DE-54479A7E786A}.Debug|iPhone.ActiveCfg = Debug|Any CPU
		{41B3B24D-BBD9-4C21-86DE-54479A7E786A}.Debug|iPhone.Build.0 = Debug|Any CPU
		{41B3B24D-BBD9-4C21-86DE-54479A7E786A}.Debug|iPhoneSimulator.ActiveCfg = Debug|Any CPU
		{41B3B24D-BBD9-4C21-86DE-54479A7E786A}.Debug|iPhoneSimulator.Build.0 = Debug|Any CPU
		{41B3B24D-BBD9-4C21-86DE-54479A7E786A}.Debug|x64.ActiveCfg = Debug|Any CPU
		{41B3B24D-BBD9-4C21-86DE-54479A7E786A}.Debug|x64.Build.0 = Debug|Any CPU
		{41B3B24D-BBD9-4C21-86DE-54479A7E786A}.Debug|x86.ActiveCfg = Debug|Any CPU
		{41B3B24D-BBD9-4C21-86DE-54479A7E786A}.Debug|x86.Build.0 = Debug|Any CPU
		{41B3B24D-BBD9-4C21-86DE-54479A7E786A}.Release|Any CPU.ActiveCfg = Release|Any CPU
		{41B3B24D-BBD9-4C21-86DE-54479A7E786A}.Release|Any CPU.Build.0 = Release|Any CPU
		{41B3B24D-BBD9-4C21-86DE-54479A7E786A}.Release|ARM.ActiveCfg = Release|Any CPU
		{41B3B24D-BBD9-4C21-86DE-54479A7E786A}.Release|ARM.Build.0 = Release|Any CPU
		{41B3B24D-BBD9-4C21-86DE-54479A7E786A}.Release|iPhone.ActiveCfg = Release|Any CPU
		{41B3B24D-BBD9-4C21-86DE-54479A7E786A}.Release|iPhone.Build.0 = Release|Any CPU
		{41B3B24D-BBD9-4C21-86DE-54479A7E786A}.Release|iPhoneSimulator.ActiveCfg = Release|Any CPU
		{41B3B24D-BBD9-4C21-86DE-54479A7E786A}.Release|iPhoneSimulator.Build.0 = Release|Any CPU
		{41B3B24D-BBD9-4C21-86DE-54479A7E786A}.Release|x64.ActiveCfg = Release|Any CPU
		{41B3B24D-BBD9-4C21-86DE-54479A7E786A}.Release|x64.Build.0 = Release|Any CPU
		{41B3B24D-BBD9-4C21-86DE-54479A7E786A}.Release|x86.ActiveCfg = Release|Any CPU
		{41B3B24D-BBD9-4C21-86DE-54479A7E786A}.Release|x86.Build.0 = Release|Any CPU
	EndGlobalSection
	GlobalSection(SolutionProperties) = preSolution
		HideSolutionNode = FALSE
	EndGlobalSection
EndGlobal
